
Microsoft Visual Studio Solution File, Format Version 12.00
# Visual Studio Version 17
VisualStudioVersion = 17.14.36310.24
MinimumVisualStudioVersion = 10.0.40219.1
Project("{FAE04EC0-301F-11D3-BF4B-00C04F79EFBC}") = "WinUI_Blank_App_Packaged_2025_07_15", "WinUI_Blank_App_Packaged_2025_07_15\WinUI_Blank_App_Packaged_2025_07_15.csproj", "{A5D0805C-3C04-4EC6-B50D-336BA4DC60EB}"
EndProject
Project("{FAE04EC0-301F-11D3-BF4B-00C04F79EFBC}") = "2_WinUI_Blank_App_Packaged_2025_07_15", "2_WinUI_Blank_App_Packaged_2025_07_15\2_WinUI_Blank_App_Packaged_2025_07_15.csproj", "{A22F7C78-A149-4668-BFF6-758E6603CE39}"
EndProject
Project("{D954291E-2A0B-460D-934E-DC6B0785DB48}") = "Shared_Csharp_Project_2025_07_29", "Shared_Csharp_Project_2025_07_29\Shared_Csharp_Project_2025_07_29.shproj", "{46DD3E04-BDDB-4BCB-9792-F1EF4C5469C9}"
EndProject
Global
	GlobalSection(SolutionConfigurationPlatforms) = preSolution
		Debug|ARM64 = Debug|ARM64
		Debug|x64 = Debug|x64
		Debug|x86 = Debug|x86
		Release|ARM64 = Release|ARM64
		Release|x64 = Release|x64
		Release|x86 = Release|x86
	EndGlobalSection
	GlobalSection(ProjectConfigurationPlatforms) = postSolution
		{A5D0805C-3C04-4EC6-B50D-336BA4DC60EB}.Debug|ARM64.ActiveCfg = Debug|ARM64
		{A5D0805C-3C04-4EC6-B50D-336BA4DC60EB}.Debug|ARM64.Build.0 = Debug|ARM64
		{A5D0805C-3C04-4EC6-B50D-336BA4DC60EB}.Debug|ARM64.Deploy.0 = Debug|ARM64
		{A5D0805C-3C04-4EC6-B50D-336BA4DC60EB}.Debug|x64.ActiveCfg = Debug|x64
		{A5D0805C-3C04-4EC6-B50D-336BA4DC60EB}.Debug|x64.Build.0 = Debug|x64
		{A5D0805C-3C04-4EC6-B50D-336BA4DC60EB}.Debug|x64.Deploy.0 = Debug|x64
		{A5D0805C-3C04-4EC6-B50D-336BA4DC60EB}.Debug|x86.ActiveCfg = Debug|x86
		{A5D0805C-3C04-4EC6-B50D-336BA4DC60EB}.Debug|x86.Build.0 = Debug|x86
		{A5D0805C-3C04-4EC6-B50D-336BA4DC60EB}.Debug|x86.Deploy.0 = Debug|x86
		{A5D0805C-3C04-4EC6-B50D-336BA4DC60EB}.Release|ARM64.ActiveCfg = Release|ARM64
		{A5D0805C-3C04-4EC6-B50D-336BA4DC60EB}.Release|ARM64.Build.0 = Release|ARM64
		{A5D0805C-3C04-4EC6-B50D-336BA4DC60EB}.Release|ARM64.Deploy.0 = Release|ARM64
		{A5D0805C-3C04-4EC6-B50D-336BA4DC60EB}.Release|x64.ActiveCfg = Release|x64
		{A5D0805C-3C04-4EC6-B50D-336BA4DC60EB}.Release|x64.Build.0 = Release|x64
		{A5D0805C-3C04-4EC6-B50D-336BA4DC60EB}.Release|x64.Deploy.0 = Release|x64
		{A5D0805C-3C04-4EC6-B50D-336BA4DC60EB}.Release|x86.ActiveCfg = Release|x86
		{A5D0805C-3C04-4EC6-B50D-336BA4DC60EB}.Release|x86.Build.0 = Release|x86
		{A5D0805C-3C04-4EC6-B50D-336BA4DC60EB}.Release|x86.Deploy.0 = Release|x86
		{A22F7C78-A149-4668-BFF6-758E6603CE39}.Debug|ARM64.ActiveCfg = Debug|ARM64
		{A22F7C78-A149-4668-BFF6-758E6603CE39}.Debug|ARM64.Build.0 = Debug|ARM64
		{A22F7C78-A149-4668-BFF6-758E6603CE39}.Debug|ARM64.Deploy.0 = Debug|ARM64
		{A22F7C78-A149-4668-BFF6-758E6603CE39}.Debug|x64.ActiveCfg = Debug|x64
		{A22F7C78-A149-4668-BFF6-758E6603CE39}.Debug|x64.Build.0 = Debug|x64
		{A22F7C78-A149-4668-BFF6-758E6603CE39}.Debug|x64.Deploy.0 = Debug|x64
		{A22F7C78-A149-4668-BFF6-758E6603CE39}.Debug|x86.ActiveCfg = Debug|x86
		{A22F7C78-A149-4668-BFF6-758E6603CE39}.Debug|x86.Build.0 = Debug|x86
		{A22F7C78-A149-4668-BFF6-758E6603CE39}.Debug|x86.Deploy.0 = Debug|x86
		{A22F7C78-A149-4668-BFF6-758E6603CE39}.Release|ARM64.ActiveCfg = Release|ARM64
		{A22F7C78-A149-4668-BFF6-758E6603CE39}.Release|ARM64.Build.0 = Release|ARM64
		{A22F7C78-A149-4668-BFF6-758E6603CE39}.Release|ARM64.Deploy.0 = Release|ARM64
		{A22F7C78-A149-4668-BFF6-758E6603CE39}.Release|x64.ActiveCfg = Release|x64
		{A22F7C78-A149-4668-BFF6-758E6603CE39}.Release|x64.Build.0 = Release|x64
		{A22F7C78-A149-4668-BFF6-758E6603CE39}.Release|x64.Deploy.0 = Release|x64
		{A22F7C78-A149-4668-BFF6-758E6603CE39}.Release|x86.ActiveCfg = Release|x86
		{A22F7C78-A149-4668-BFF6-758E6603CE39}.Release|x86.Build.0 = Release|x86
		{A22F7C78-A149-4668-BFF6-758E6603CE39}.Release|x86.Deploy.0 = Release|x86
	EndGlobalSection
	GlobalSection(SolutionProperties) = preSolution
		HideSolutionNode = FALSE
	EndGlobalSection
	GlobalSection(ExtensibilityGlobals) = postSolution
		SolutionGuid = {327E646F-07F7-487F-94E0-5A37A93136E2}
	EndGlobalSection
	GlobalSection(SharedMSBuildProjectFiles) = preSolution
		Shared_Csharp_Project_2025_07_29\Shared_Csharp_Project_2025_07_29.projitems*{46dd3e04-bddb-4bcb-9792-f1ef4c5469c9}*SharedItemsImports = 13
	EndGlobalSection
EndGlobal
